
Microsoft Visual Studio Solution File, Format Version 12.00
# Visual Studio Version 17
VisualStudioVersion = 17.14.36212.18
MinimumVisualStudioVersion = 10.0.40219.1
Project("{FAE04EC0-301F-11D3-BF4B-00C04F79EFBC}") = "FlightInvoiceImporter.Worker", "FlightInvoiceImporter.Worker\FlightInvoiceImporter.Worker.csproj", "{4141AE59-C8A7-4B75-A104-CB5561086C48}"
EndProject
Project("{FAE04EC0-301F-11D3-BF4B-00C04F79EFBC}") = "FlightInvoiceImporter.Models", "FlightInvoiceImporter.Models\FlightInvoiceImporter.Models.csproj", "{BEB83B8C-D000-4A00-8DF6-F6278EC2FF39}"
EndProject
Project("{FAE04EC0-301F-11D3-BF4B-00C04F79EFBC}") = "FlightInvoiceImporter.DataAccess", "FlightInvoiceImporter.DataAccess\FlightInvoiceImporter.DataAccess.csproj", "{5CBB5121-77FE-43A3-8AD7-4775F037D64C}"
EndProject
Project("{FAE04EC0-301F-11D3-BF4B-00C04F79EFBC}") = "FlightInvoiceImporter.Business", "FlightInvoiceImporter.Business\FlightInvoiceImporter.Business.csproj", "{4ABAA91C-3D9D-4EDD-ABFB-E626A55A4F0C}"
EndProject
Global
	GlobalSection(SolutionConfigurationPlatforms) = preSolution
		Debug|Any CPU = Debug|Any CPU
		Release|Any CPU = Release|Any CPU
	EndGlobalSection
	GlobalSection(ProjectConfigurationPlatforms) = postSolution
		{4141AE59-C8A7-4B75-A104-CB5561086C48}.Debug|Any CPU.ActiveCfg = Debug|Any CPU
		{4141AE59-C8A7-4B75-A104-CB5561086C48}.Debug|Any CPU.Build.0 = Debug|Any CPU
		{4141AE59-C8A7-4B75-A104-CB5561086C48}.Release|Any CPU.ActiveCfg = Release|Any CPU
		{4141AE59-C8A7-4B75-A104-CB5561086C48}.Release|Any CPU.Build.0 = Release|Any CPU
		{BEB83B8C-D000-4A00-8DF6-F6278EC2FF39}.Debug|Any CPU.ActiveCfg = Debug|Any CPU
		{BEB83B8C-D000-4A00-8DF6-F6278EC2FF39}.Debug|Any CPU.Build.0 = Debug|Any CPU
		{BEB83B8C-D000-4A00-8DF6-F6278EC2FF39}.Release|Any CPU.ActiveCfg = Release|Any CPU
		{BEB83B8C-D000-4A00-8DF6-F6278EC2FF39}.Release|Any CPU.Build.0 = Release|Any CPU
		{5CBB5121-77FE-43A3-8AD7-4775F037D64C}.Debug|Any CPU.ActiveCfg = Debug|Any CPU
		{5CBB5121-77FE-43A3-8AD7-4775F037D64C}.Debug|Any CPU.Build.0 = Debug|Any CPU
		{5CBB5121-77FE-43A3-8AD7-4775F037D64C}.Release|Any CPU.ActiveCfg = Release|Any CPU
		{5CBB5121-77FE-43A3-8AD7-4775F037D64C}.Release|Any CPU.Build.0 = Release|Any CPU
		{4ABAA91C-3D9D-4EDD-ABFB-E626A55A4F0C}.Debug|Any CPU.ActiveCfg = Debug|Any CPU
		{4ABAA91C-3D9D-4EDD-ABFB-E626A55A4F0C}.Debug|Any CPU.Build.0 = Debug|Any CPU
		{4ABAA91C-3D9D-4EDD-ABFB-E626A55A4F0C}.Release|Any CPU.ActiveCfg = Release|Any CPU
		{4ABAA91C-3D9D-4EDD-ABFB-E626A55A4F0C}.Release|Any CPU.Build.0 = Release|Any CPU
	EndGlobalSection
	GlobalSection(SolutionProperties) = preSolution
		HideSolutionNode = FALSE
	EndGlobalSection
	GlobalSection(ExtensibilityGlobals) = postSolution
		SolutionGuid = {C7A47BA2-8420-494E-BC6B-19BF12F2518D}
	EndGlobalSection
EndGlobal
